
Microsoft Visual Studio Solution File, Format Version 12.00
# Visual Studio Version 17
VisualStudioVersion = 17.8.34511.84
MinimumVisualStudioVersion = 10.0.40219.1
Project("{FAE04EC0-301F-11D3-BF4B-00C04F79EFBC}") = "ThreadGame", "ThreadGame.csproj", "{8EEE42F9-3872-45A0-B4D2-CBD90EE1BAB6}"
EndProject
Global
	GlobalSection(SolutionConfigurationPlatforms) = preSolution
		Debug|Any CPU = Debug|Any CPU
		Release|Any CPU = Release|Any CPU
	EndGlobalSection
	GlobalSection(ProjectConfigurationPlatforms) = postSolution
		{8EEE42F9-3872-45A0-B4D2-CBD90EE1BAB6}.Debug|Any CPU.ActiveCfg = Debug|Any CPU
		{8EEE42F9-3872-45A0-B4D2-CBD90EE1BAB6}.Debug|Any CPU.Build.0 = Debug|Any CPU
		{8EEE42F9-3872-45A0-B4D2-CBD90EE1BAB6}.Release|Any CPU.ActiveCfg = Release|Any CPU
		{8EEE42F9-3872-45A0-B4D2-CBD90EE1BAB6}.Release|Any CPU.Build.0 = Release|Any CPU
	EndGlobalSection
	GlobalSection(SolutionProperties) = preSolution
		HideSolutionNode = FALSE
	EndGlobalSection
	GlobalSection(ExtensibilityGlobals) = postSolution
		SolutionGuid = {04846F8B-702B-4234-85D6-56EF289769D6}
	EndGlobalSection
EndGlobal
